
Microsoft Visual Studio Solution File, Format Version 12.00
# Visual Studio Version 17
VisualStudioVersion = 17.13.35919.96
MinimumVisualStudioVersion = 10.0.40219.1
Project("{FAE04EC0-301F-11D3-BF4B-00C04F79EFBC}") = "TelegramServiceHandler", "TelegramServiceHandler.csproj", "{0AD98041-58F2-5AB2-9204-527BBF7BBB43}"
EndProject
Global
	GlobalSection(SolutionConfigurationPlatforms) = preSolution
		Debug|Any CPU = Debug|Any CPU
		Release|Any CPU = Release|Any CPU
	EndGlobalSection
	GlobalSection(ProjectConfigurationPlatforms) = postSolution
		{0AD98041-58F2-5AB2-9204-527BBF7BBB43}.Debug|Any CPU.ActiveCfg = Debug|Any CPU
		{0AD98041-58F2-5AB2-9204-527BBF7BBB43}.Debug|Any CPU.Build.0 = Debug|Any CPU
		{0AD98041-58F2-5AB2-9204-527BBF7BBB43}.Release|Any CPU.ActiveCfg = Release|Any CPU
		{0AD98041-58F2-5AB2-9204-527BBF7BBB43}.Release|Any CPU.Build.0 = Release|Any CPU
	EndGlobalSection
	GlobalSection(SolutionProperties) = preSolution
		HideSolutionNode = FALSE
	EndGlobalSection
	GlobalSection(ExtensibilityGlobals) = postSolution
		SolutionGuid = {65E2B3AB-7FE0-40CB-96EC-6F05CC753C6E}
	EndGlobalSection
EndGlobal
